
Microsoft Visual Studio Solution File, Format Version 12.00
# Visual Studio Version 16
VisualStudioVersion = 16.0.31729.503
MinimumVisualStudioVersion = 10.0.40219.1
Project("{FAE04EC0-301F-11D3-BF4B-00C04F79EFBC}") = "Passwords", "Passwords.csproj", "{270104F4-6B3E-4CBC-A5ED-C5CF62E494C1}"
EndProject
Global
	GlobalSection(SolutionConfigurationPlatforms) = preSolution
		Debug|Any CPU = Debug|Any CPU
		Release|Any CPU = Release|Any CPU
	EndGlobalSection
	GlobalSection(ProjectConfigurationPlatforms) = postSolution
		{270104F4-6B3E-4CBC-A5ED-C5CF62E494C1}.Debug|Any CPU.ActiveCfg = Debug|Any CPU
		{270104F4-6B3E-4CBC-A5ED-C5CF62E494C1}.Debug|Any CPU.Build.0 = Debug|Any CPU
		{270104F4-6B3E-4CBC-A5ED-C5CF62E494C1}.Release|Any CPU.ActiveCfg = Release|Any CPU
		{270104F4-6B3E-4CBC-A5ED-C5CF62E494C1}.Release|Any CPU.Build.0 = Release|Any CPU
	EndGlobalSection
	GlobalSection(SolutionProperties) = preSolution
		HideSolutionNode = FALSE
	EndGlobalSection
	GlobalSection(ExtensibilityGlobals) = postSolution
		SolutionGuid = {3D5FC528-12FC-456B-BB57-3C6848BEB3F9}
	EndGlobalSection
EndGlobal
